
Microsoft Visual Studio Solution File, Format Version 12.00
# Visual Studio Version 16
Project("{8BC9CEB8-8B4A-11D0-8D11-00A0C91BC942}") = "ALL_BUILD", "ALL_BUILD.vcxproj", "{D3955C0E-0D6B-33B0-899F-72649C976537}"
	ProjectSection(ProjectDependencies) = postProject
		{FAC8DE05-9011-3075-9C4A-E44836F4F4A8} = {FAC8DE05-9011-3075-9C4A-E44836F4F4A8}
		{7CC606CF-674F-3D31-80BA-9498B7493EF4} = {7CC606CF-674F-3D31-80BA-9498B7493EF4}
		{B896804B-3CFE-387A-9365-9943303D1C25} = {B896804B-3CFE-387A-9365-9943303D1C25}
		{398DC517-38C9-34C2-AF73-5B9465C0E830} = {398DC517-38C9-34C2-AF73-5B9465C0E830}
	EndProjectSection
EndProject
Project("{8BC9CEB8-8B4A-11D0-8D11-00A0C91BC942}") = "Continuous", "Continuous.vcxproj", "{C7390410-0A62-3EA2-AE43-941478D15527}"
	ProjectSection(ProjectDependencies) = postProject
		{FAC8DE05-9011-3075-9C4A-E44836F4F4A8} = {FAC8DE05-9011-3075-9C4A-E44836F4F4A8}
	EndProjectSection
EndProject
Project("{8BC9CEB8-8B4A-11D0-8D11-00A0C91BC942}") = "Experimental", "Experimental.vcxproj", "{300E083D-0D91-312D-A148-67246140213C}"
	ProjectSection(ProjectDependencies) = postProject
		{FAC8DE05-9011-3075-9C4A-E44836F4F4A8} = {FAC8DE05-9011-3075-9C4A-E44836F4F4A8}
	EndProjectSection
EndProject
Project("{8BC9CEB8-8B4A-11D0-8D11-00A0C91BC942}") = "Nightly", "Nightly.vcxproj", "{5224C476-5843-371E-8E12-017EA7B66585}"
	ProjectSection(ProjectDependencies) = postProject
		{FAC8DE05-9011-3075-9C4A-E44836F4F4A8} = {FAC8DE05-9011-3075-9C4A-E44836F4F4A8}
	EndProjectSection
EndProject
Project("{8BC9CEB8-8B4A-11D0-8D11-00A0C91BC942}") = "NightlyMemoryCheck", "NightlyMemoryCheck.vcxproj", "{416480C6-707F-39B1-AE67-EE1DB6038B5E}"
	ProjectSection(ProjectDependencies) = postProject
		{FAC8DE05-9011-3075-9C4A-E44836F4F4A8} = {FAC8DE05-9011-3075-9C4A-E44836F4F4A8}
	EndProjectSection
EndProject
Project("{8BC9CEB8-8B4A-11D0-8D11-00A0C91BC942}") = "PACKAGE", "PACKAGE.vcxproj", "{B4C6486B-49FE-3DBE-97DA-8CEBA8821B5A}"
	ProjectSection(ProjectDependencies) = postProject
		{D3955C0E-0D6B-33B0-899F-72649C976537} = {D3955C0E-0D6B-33B0-899F-72649C976537}
		{FAC8DE05-9011-3075-9C4A-E44836F4F4A8} = {FAC8DE05-9011-3075-9C4A-E44836F4F4A8}
	EndProjectSection
EndProject
Project("{8BC9CEB8-8B4A-11D0-8D11-00A0C91BC942}") = "RUN_TESTS", "RUN_TESTS.vcxproj", "{D0EABC0A-CA9B-332F-9B11-35542EA5AE0F}"
	ProjectSection(ProjectDependencies) = postProject
		{FAC8DE05-9011-3075-9C4A-E44836F4F4A8} = {FAC8DE05-9011-3075-9C4A-E44836F4F4A8}
	EndProjectSection
EndProject
Project("{8BC9CEB8-8B4A-11D0-8D11-00A0C91BC942}") = "ZERO_CHECK", "ZERO_CHECK.vcxproj", "{FAC8DE05-9011-3075-9C4A-E44836F4F4A8}"
	ProjectSection(ProjectDependencies) = postProject
	EndProjectSection
EndProject
Project("{8BC9CEB8-8B4A-11D0-8D11-00A0C91BC942}") = "cmOpenGL", "cmOpenGL.vcxproj", "{7CC606CF-674F-3D31-80BA-9498B7493EF4}"
	ProjectSection(ProjectDependencies) = postProject
		{FAC8DE05-9011-3075-9C4A-E44836F4F4A8} = {FAC8DE05-9011-3075-9C4A-E44836F4F4A8}
		{B896804B-3CFE-387A-9365-9943303D1C25} = {B896804B-3CFE-387A-9365-9943303D1C25}
		{398DC517-38C9-34C2-AF73-5B9465C0E830} = {398DC517-38C9-34C2-AF73-5B9465C0E830}
	EndProjectSection
EndProject
Project("{8BC9CEB8-8B4A-11D0-8D11-00A0C91BC942}") = "glad", "glad.vcxproj", "{B896804B-3CFE-387A-9365-9943303D1C25}"
	ProjectSection(ProjectDependencies) = postProject
		{FAC8DE05-9011-3075-9C4A-E44836F4F4A8} = {FAC8DE05-9011-3075-9C4A-E44836F4F4A8}
	EndProjectSection
EndProject
Project("{8BC9CEB8-8B4A-11D0-8D11-00A0C91BC942}") = "imgui", "imgui.vcxproj", "{398DC517-38C9-34C2-AF73-5B9465C0E830}"
	ProjectSection(ProjectDependencies) = postProject
		{FAC8DE05-9011-3075-9C4A-E44836F4F4A8} = {FAC8DE05-9011-3075-9C4A-E44836F4F4A8}
	EndProjectSection
EndProject
Global
	GlobalSection(SolutionConfigurationPlatforms) = preSolution
		Debug|win32 = Debug|win32
		Release|win32 = Release|win32
		MinSizeRel|win32 = MinSizeRel|win32
		RelWithDebInfo|win32 = RelWithDebInfo|win32
	EndGlobalSection
	GlobalSection(ProjectConfigurationPlatforms) = postSolution
		{D3955C0E-0D6B-33B0-899F-72649C976537}.Debug|win32.ActiveCfg = Debug|win32
		{D3955C0E-0D6B-33B0-899F-72649C976537}.Debug|win32.Build.0 = Debug|win32
		{D3955C0E-0D6B-33B0-899F-72649C976537}.Release|win32.ActiveCfg = Release|win32
		{D3955C0E-0D6B-33B0-899F-72649C976537}.Release|win32.Build.0 = Release|win32
		{D3955C0E-0D6B-33B0-899F-72649C976537}.MinSizeRel|win32.ActiveCfg = MinSizeRel|win32
		{D3955C0E-0D6B-33B0-899F-72649C976537}.MinSizeRel|win32.Build.0 = MinSizeRel|win32
		{D3955C0E-0D6B-33B0-899F-72649C976537}.RelWithDebInfo|win32.ActiveCfg = RelWithDebInfo|win32
		{D3955C0E-0D6B-33B0-899F-72649C976537}.RelWithDebInfo|win32.Build.0 = RelWithDebInfo|win32
		{C7390410-0A62-3EA2-AE43-941478D15527}.Debug|win32.ActiveCfg = Debug|win32
		{C7390410-0A62-3EA2-AE43-941478D15527}.Release|win32.ActiveCfg = Release|win32
		{C7390410-0A62-3EA2-AE43-941478D15527}.MinSizeRel|win32.ActiveCfg = MinSizeRel|win32
		{C7390410-0A62-3EA2-AE43-941478D15527}.RelWithDebInfo|win32.ActiveCfg = RelWithDebInfo|win32
		{300E083D-0D91-312D-A148-67246140213C}.Debug|win32.ActiveCfg = Debug|win32
		{300E083D-0D91-312D-A148-67246140213C}.Release|win32.ActiveCfg = Release|win32
		{300E083D-0D91-312D-A148-67246140213C}.MinSizeRel|win32.ActiveCfg = MinSizeRel|win32
		{300E083D-0D91-312D-A148-67246140213C}.RelWithDebInfo|win32.ActiveCfg = RelWithDebInfo|win32
		{5224C476-5843-371E-8E12-017EA7B66585}.Debug|win32.ActiveCfg = Debug|win32
		{5224C476-5843-371E-8E12-017EA7B66585}.Release|win32.ActiveCfg = Release|win32
		{5224C476-5843-371E-8E12-017EA7B66585}.MinSizeRel|win32.ActiveCfg = MinSizeRel|win32
		{5224C476-5843-371E-8E12-017EA7B66585}.RelWithDebInfo|win32.ActiveCfg = RelWithDebInfo|win32
		{416480C6-707F-39B1-AE67-EE1DB6038B5E}.Debug|win32.ActiveCfg = Debug|win32
		{416480C6-707F-39B1-AE67-EE1DB6038B5E}.Release|win32.ActiveCfg = Release|win32
		{416480C6-707F-39B1-AE67-EE1DB6038B5E}.MinSizeRel|win32.ActiveCfg = MinSizeRel|win32
		{416480C6-707F-39B1-AE67-EE1DB6038B5E}.RelWithDebInfo|win32.ActiveCfg = RelWithDebInfo|win32
		{B4C6486B-49FE-3DBE-97DA-8CEBA8821B5A}.Debug|win32.ActiveCfg = Debug|win32
		{B4C6486B-49FE-3DBE-97DA-8CEBA8821B5A}.Release|win32.ActiveCfg = Release|win32
		{B4C6486B-49FE-3DBE-97DA-8CEBA8821B5A}.MinSizeRel|win32.ActiveCfg = MinSizeRel|win32
		{B4C6486B-49FE-3DBE-97DA-8CEBA8821B5A}.RelWithDebInfo|win32.ActiveCfg = RelWithDebInfo|win32
		{D0EABC0A-CA9B-332F-9B11-35542EA5AE0F}.Debug|win32.ActiveCfg = Debug|win32
		{D0EABC0A-CA9B-332F-9B11-35542EA5AE0F}.Release|win32.ActiveCfg = Release|win32
		{D0EABC0A-CA9B-332F-9B11-35542EA5AE0F}.MinSizeRel|win32.ActiveCfg = MinSizeRel|win32
		{D0EABC0A-CA9B-332F-9B11-35542EA5AE0F}.RelWithDebInfo|win32.ActiveCfg = RelWithDebInfo|win32
		{FAC8DE05-9011-3075-9C4A-E44836F4F4A8}.Debug|win32.ActiveCfg = Debug|win32
		{FAC8DE05-9011-3075-9C4A-E44836F4F4A8}.Debug|win32.Build.0 = Debug|win32
		{FAC8DE05-9011-3075-9C4A-E44836F4F4A8}.Release|win32.ActiveCfg = Release|win32
		{FAC8DE05-9011-3075-9C4A-E44836F4F4A8}.Release|win32.Build.0 = Release|win32
		{FAC8DE05-9011-3075-9C4A-E44836F4F4A8}.MinSizeRel|win32.ActiveCfg = MinSizeRel|win32
		{FAC8DE05-9011-3075-9C4A-E44836F4F4A8}.MinSizeRel|win32.Build.0 = MinSizeRel|win32
		{FAC8DE05-9011-3075-9C4A-E44836F4F4A8}.RelWithDebInfo|win32.ActiveCfg = RelWithDebInfo|win32
		{FAC8DE05-9011-3075-9C4A-E44836F4F4A8}.RelWithDebInfo|win32.Build.0 = RelWithDebInfo|win32
		{7CC606CF-674F-3D31-80BA-9498B7493EF4}.Debug|win32.ActiveCfg = Debug|win32
		{7CC606CF-674F-3D31-80BA-9498B7493EF4}.Debug|win32.Build.0 = Debug|win32
		{7CC606CF-674F-3D31-80BA-9498B7493EF4}.Release|win32.ActiveCfg = Release|win32
		{7CC606CF-674F-3D31-80BA-9498B7493EF4}.Release|win32.Build.0 = Release|win32
		{7CC606CF-674F-3D31-80BA-9498B7493EF4}.MinSizeRel|win32.ActiveCfg = MinSizeRel|win32
		{7CC606CF-674F-3D31-80BA-9498B7493EF4}.MinSizeRel|win32.Build.0 = MinSizeRel|win32
		{7CC606CF-674F-3D31-80BA-9498B7493EF4}.RelWithDebInfo|win32.ActiveCfg = RelWithDebInfo|win32
		{7CC606CF-674F-3D31-80BA-9498B7493EF4}.RelWithDebInfo|win32.Build.0 = RelWithDebInfo|win32
		{B896804B-3CFE-387A-9365-9943303D1C25}.Debug|win32.ActiveCfg = Debug|win32
		{B896804B-3CFE-387A-9365-9943303D1C25}.Debug|win32.Build.0 = Debug|win32
		{B896804B-3CFE-387A-9365-9943303D1C25}.Release|win32.ActiveCfg = Release|win32
		{B896804B-3CFE-387A-9365-9943303D1C25}.Release|win32.Build.0 = Release|win32
		{B896804B-3CFE-387A-9365-9943303D1C25}.MinSizeRel|win32.ActiveCfg = MinSizeRel|win32
		{B896804B-3CFE-387A-9365-9943303D1C25}.MinSizeRel|win32.Build.0 = MinSizeRel|win32
		{B896804B-3CFE-387A-9365-9943303D1C25}.RelWithDebInfo|win32.ActiveCfg = RelWithDebInfo|win32
		{B896804B-3CFE-387A-9365-9943303D1C25}.RelWithDebInfo|win32.Build.0 = RelWithDebInfo|win32
		{398DC517-38C9-34C2-AF73-5B9465C0E830}.Debug|win32.ActiveCfg = Debug|win32
		{398DC517-38C9-34C2-AF73-5B9465C0E830}.Debug|win32.Build.0 = Debug|win32
		{398DC517-38C9-34C2-AF73-5B9465C0E830}.Release|win32.ActiveCfg = Release|win32
		{398DC517-38C9-34C2-AF73-5B9465C0E830}.Release|win32.Build.0 = Release|win32
		{398DC517-38C9-34C2-AF73-5B9465C0E830}.MinSizeRel|win32.ActiveCfg = MinSizeRel|win32
		{398DC517-38C9-34C2-AF73-5B9465C0E830}.MinSizeRel|win32.Build.0 = MinSizeRel|win32
		{398DC517-38C9-34C2-AF73-5B9465C0E830}.RelWithDebInfo|win32.ActiveCfg = RelWithDebInfo|win32
		{398DC517-38C9-34C2-AF73-5B9465C0E830}.RelWithDebInfo|win32.Build.0 = RelWithDebInfo|win32
	EndGlobalSection
	GlobalSection(ExtensibilityGlobals) = postSolution
		SolutionGuid = {AA356D1E-8BC1-3378-8101-C110ECAA56E6}
	EndGlobalSection
	GlobalSection(ExtensibilityAddIns) = postSolution
	EndGlobalSection
EndGlobal
